Microsoft Visual Studio Solution File, Format Version 12.00
# Visual Studio 2012
Project("{FAE04EC0-301F-11D3-BF4B-00C04F79EFBC}") = "deck_builder_tutorial_csharp", "deck_builder_tutorial_csharp.csproj", "{0CB2B3B1-AB25-4124-AADD-85BBE2999A32}"
EndProject
Global
	GlobalSection(SolutionConfigurationPlatforms) = preSolution
	Debug|Any CPU = Debug|Any CPU
	ExportDebug|Any CPU = ExportDebug|Any CPU
	ExportRelease|Any CPU = ExportRelease|Any CPU
	EndGlobalSection
	GlobalSection(ProjectConfigurationPlatforms) = postSolution
		{0CB2B3B1-AB25-4124-AADD-85BBE2999A32}.Debug|Any CPU.ActiveCfg = Debug|Any CPU
		{0CB2B3B1-AB25-4124-AADD-85BBE2999A32}.Debug|Any CPU.Build.0 = Debug|Any CPU
		{0CB2B3B1-AB25-4124-AADD-85BBE2999A32}.ExportDebug|Any CPU.ActiveCfg = ExportDebug|Any CPU
		{0CB2B3B1-AB25-4124-AADD-85BBE2999A32}.ExportDebug|Any CPU.Build.0 = ExportDebug|Any CPU
		{0CB2B3B1-AB25-4124-AADD-85BBE2999A32}.ExportRelease|Any CPU.ActiveCfg = ExportRelease|Any CPU
		{0CB2B3B1-AB25-4124-AADD-85BBE2999A32}.ExportRelease|Any CPU.Build.0 = ExportRelease|Any CPU
	EndGlobalSection
EndGlobal
